// !$*UTF8*$!
{
	archiveVersion = 1;
	classes = {
	};
	objectVersion = 46;
	objects = {

/* Begin PBXBuildFile section */
		04D8F0E21E4C781D00ABF1ED /* main.m in Sources */ = {isa = PBXBuildFile; fileRef = 04D8F0E11E4C781D00ABF1ED /* main.m */; };
		04D8F0E51E4C781D00ABF1ED /* AppDelegate.m in Sources */ = {isa = PBXBuildFile; fileRef = 04D8F0E41E4C781D00ABF1ED /* AppDelegate.m */; };
		04D8F0ED1E4C781D00ABF1ED /* Assets.xcassets in Resources */ = {isa = PBXBuildFile; fileRef = 04D8F0EC1E4C781D00ABF1ED /* Assets.xcassets */; };
		04D8F0F01E4C781D00ABF1ED /* LaunchScreen.storyboard in Resources */ = {isa = PBXBuildFile; fileRef = 04D8F0EE1E4C781D00ABF1ED /* LaunchScreen.storyboard */; };
		04D8F0FB1E4C781E00ABF1ED /* LockerTests.m in Sources */ = {isa = PBXBuildFile; fileRef = 04D8F0FA1E4C781E00ABF1ED /* LockerTests.m */; };
		04D8F1061E4C781E00ABF1ED /* LockerUITests.m in Sources */ = {isa = PBXBuildFile; fileRef = 04D8F1051E4C781E00ABF1ED /* LockerUITests.m */; };
		04D8F1421E4C78C900ABF1ED /* UICountingLabel.m in Sources */ = {isa = PBXBuildFile; fileRef = 04D8F1191E4C78C900ABF1ED /* UICountingLabel.m */; };
		04D8F1431E4C78C900ABF1ED /* UINavigationBar+Animation.m in Sources */ = {isa = PBXBuildFile; fileRef = 04D8F11B1E4C78C900ABF1ED /* UINavigationBar+Animation.m */; };
		04D8F1441E4C78C900ABF1ED /* UIView+BackgroundColor.m in Sources */ = {isa = PBXBuildFile; fileRef = 04D8F11D1E4C78C900ABF1ED /* UIView+BackgroundColor.m */; };
		04D8F1451E4C78C900ABF1ED /* MCLeftSlideViewController.m in Sources */ = {isa = PBXBuildFile; fileRef = 04D8F1241E4C78C900ABF1ED /* MCLeftSlideViewController.m */; };
		04D8F1461E4C78C900ABF1ED /* MCLeftSortsViewController.m in Sources */ = {isa = PBXBuildFile; fileRef = 04D8F1261E4C78C900ABF1ED /* MCLeftSortsViewController.m */; };
		04D8F1471E4C78C900ABF1ED /* MCOtherViewController.m in Sources */ = {isa = PBXBuildFile; fileRef = 04D8F1281E4C78C900ABF1ED /* MCOtherViewController.m */; };
		04D8F1481E4C78C900ABF1ED /* MCMainNavgationVC.m in Sources */ = {isa = PBXBuildFile; fileRef = 04D8F12A1E4C78C900ABF1ED /* MCMainNavgationVC.m */; };
		04D8F1491E4C78C900ABF1ED /* MCMainTabBar.m in Sources */ = {isa = PBXBuildFile; fileRef = 04D8F12C1E4C78C900ABF1ED /* MCMainTabBar.m */; };
		04D8F14A1E4C78C900ABF1ED /* MCMainTabBarVC.m in Sources */ = {isa = PBXBuildFile; fileRef = 04D8F12E1E4C78C900ABF1ED /* MCMainTabBarVC.m */; };
		04D8F14B1E4C78C900ABF1ED /* MCLeftSliderManager.m in Sources */ = {isa = PBXBuildFile; fileRef = 04D8F1321E4C78C900ABF1ED /* MCLeftSliderManager.m */; };
		04D8F14C1E4C78C900ABF1ED /* UIView_extra.m in Sources */ = {isa = PBXBuildFile; fileRef = 04D8F1341E4C78C900ABF1ED /* UIView_extra.m */; };
		04D8F14D1E4C78C900ABF1ED /* MCFirstPageVIewController.m in Sources */ = {isa = PBXBuildFile; fileRef = 04D8F1381E4C78C900ABF1ED /* MCFirstPageVIewController.m */; };
		04D8F14E1E4C78C900ABF1ED /* MCSecondPageViewController.m in Sources */ = {isa = PBXBuildFile; fileRef = 04D8F13E1E4C78C900ABF1ED /* MCSecondPageViewController.m */; };
/* End PBXBuildFile section */

/* Begin PBXContainerItemProxy section */
		04D8F0F71E4C781E00ABF1ED /* PBXContainerItemProxy */ = {
			isa = PBXContainerItemProxy;
			containerPortal = 04D8F0D51E4C781D00ABF1ED /* Project object */;
			proxyType = 1;
			remoteGlobalIDString = 04D8F0DC1E4C781D00ABF1ED;
			remoteInfo = Locker;
		};
		04D8F1021E4C781E00ABF1ED /* PBXContainerItemProxy */ = {
			isa = PBXContainerItemProxy;
			containerPortal = 04D8F0D51E4C781D00ABF1ED /* Project object */;
			proxyType = 1;
			remoteGlobalIDString = 04D8F0DC1E4C781D00ABF1ED;
			remoteInfo = Locker;
		};
/* End PBXContainerItemProxy section */

/* Begin PBXFileReference section */
		04D8F0DD1E4C781D00ABF1ED /* Locker.app */ = {isa = PBXFileReference; explicitFileType = wrapper.application; includeInIndex = 0; path = Locker.app; sourceTree = BUILT_PRODUCTS_DIR; };
		04D8F0E11E4C781D00ABF1ED /* main.m */ = {isa = PBXFileReference; lastKnownFileType = sourcecode.c.objc; path = main.m; sourceTree = "<group>"; };
		04D8F0E31E4C781D00ABF1ED /* AppDelegate.h */ = {isa = PBXFileReference; lastKnownFileType = sourcecode.c.h; path = AppDelegate.h; sourceTree = "<group>"; };
		04D8F0E41E4C781D00ABF1ED /* AppDelegate.m */ = {isa = PBXFileReference; lastKnownFileType = sourcecode.c.objc; path = AppDelegate.m; sourceTree = "<group>"; };
		04D8F0EC1E4C781D00ABF1ED /* Assets.xcassets */ = {isa = PBXFileReference; lastKnownFileType = folder.assetcatalog; path = Assets.xcassets; sourceTree = "<group>"; };
		04D8F0EF1E4C781D00ABF1ED /* Base */ = {isa = PBXFileReference; lastKnownFileType = file.storyboard; name = Base; path = Base.lproj/LaunchScreen.storyboard; sourceTree = "<group>"; };
		04D8F0F11E4C781D00ABF1ED /* Info.plist */ = {isa = PBXFileReference; lastKnownFileType = text.plist.xml; path = Info.plist; sourceTree = "<group>"; };
		04D8F0F61E4C781E00ABF1ED /* LockerTests.xctest */ = {isa = PBXFileReference; explicitFileType = wrapper.cfbundle; includeInIndex = 0; path = LockerTests.xctest; sourceTree = BUILT_PRODUCTS_DIR; };
		04D8F0FA1E4C781E00ABF1ED /* LockerTests.m */ = {isa = PBXFileReference; lastKnownFileType = sourcecode.c.objc; path = LockerTests.m; sourceTree = "<group>"; };
		04D8F0FC1E4C781E00ABF1ED /* Info.plist */ = {isa = PBXFileReference; lastKnownFileType = text.plist.xml; path = Info.plist; sourceTree = "<group>"; };
		04D8F1011E4C781E00ABF1ED /* LockerUITests.xctest */ = {isa = PBXFileReference; explicitFileType = wrapper.cfbundle; includeInIndex = 0; path = LockerUITests.xctest; sourceTree = BUILT_PRODUCTS_DIR; };
		04D8F1051E4C781E00ABF1ED /* LockerUITests.m */ = {isa = PBXFileReference; lastKnownFileType = sourcecode.c.objc; path = LockerUITests.m; sourceTree = "<group>"; };
		04D8F1071E4C781E00ABF1ED /* Info.plist */ = {isa = PBXFileReference; lastKnownFileType = text.plist.xml; path = Info.plist; sourceTree = "<group>"; };
		04D8F1131E4C786300ABF1ED /* PrefixHeader.pch */ = {isa = PBXFileReference; lastKnownFileType = sourcecode.c.h; path = PrefixHeader.pch; sourceTree = "<group>"; };
		04D8F1171E4C78C900ABF1ED /* DKNightVersion.h */ = {isa = PBXFileReference; fileEncoding = 4; lastKnownFileType = sourcecode.c.h; path = DKNightVersion.h; sourceTree = "<group>"; };
		04D8F1181E4C78C900ABF1ED /* UICountingLabel.h */ = {isa = PBXFileReference; fileEncoding = 4; lastKnownFileType = sourcecode.c.h; path = UICountingLabel.h; sourceTree = "<group>"; };
		04D8F1191E4C78C900ABF1ED /* UICountingLabel.m */ = {isa = PBXFileReference; fileEncoding = 4; lastKnownFileType = sourcecode.c.objc; path = UICountingLabel.m; sourceTree = "<group>"; };
		04D8F11A1E4C78C900ABF1ED /* UINavigationBar+Animation.h */ = {isa = PBXFileReference; fileEncoding = 4; lastKnownFileType = sourcecode.c.h; path = "UINavigationBar+Animation.h"; sourceTree = "<group>"; };
		04D8F11B1E4C78C900ABF1ED /* UINavigationBar+Animation.m */ = {isa = PBXFileReference; fileEncoding = 4; lastKnownFileType = sourcecode.c.objc; path = "UINavigationBar+Animation.m"; sourceTree = "<group>"; };
		04D8F11C1E4C78C900ABF1ED /* UIView+BackgroundColor.h */ = {isa = PBXFileReference; fileEncoding = 4; lastKnownFileType = sourcecode.c.h; path = "UIView+BackgroundColor.h"; sourceTree = "<group>"; };
		04D8F11D1E4C78C900ABF1ED /* UIView+BackgroundColor.m */ = {isa = PBXFileReference; fileEncoding = 4; lastKnownFileType = sourcecode.c.objc; path = "UIView+BackgroundColor.m"; sourceTree = "<group>"; };
		04D8F1231E4C78C900ABF1ED /* MCLeftSlideViewController.h */ = {isa = PBXFileReference; fileEncoding = 4; lastKnownFileType = sourcecode.c.h; path = MCLeftSlideViewController.h; sourceTree = "<group>"; };
		04D8F1241E4C78C900ABF1ED /* MCLeftSlideViewController.m */ = {isa = PBXFileReference; fileEncoding = 4; lastKnownFileType = sourcecode.c.objc; path = MCLeftSlideViewController.m; sourceTree = "<group>"; };
		04D8F1251E4C78C900ABF1ED /* MCLeftSortsViewController.h */ = {isa = PBXFileReference; fileEncoding = 4; lastKnownFileType = sourcecode.c.h; path = MCLeftSortsViewController.h; sourceTree = "<group>"; };
		04D8F1261E4C78C900ABF1ED /* MCLeftSortsViewController.m */ = {isa = PBXFileReference; fileEncoding = 4; lastKnownFileType = sourcecode.c.objc; path = MCLeftSortsViewController.m; sourceTree = "<group>"; };
		04D8F1271E4C78C900ABF1ED /* MCOtherViewController.h */ = {isa = PBXFileReference; fileEncoding = 4; lastKnownFileType = sourcecode.c.h; path = MCOtherViewController.h; sourceTree = "<group>"; };
		04D8F1281E4C78C900ABF1ED /* MCOtherViewController.m */ = {isa = PBXFileReference; fileEncoding = 4; lastKnownFileType = sourcecode.c.objc; path = MCOtherViewController.m; sourceTree = "<group>"; };
		04D8F1291E4C78C900ABF1ED /* MCMainNavgationVC.h */ = {isa = PBXFileReference; fileEncoding = 4; lastKnownFileType = sourcecode.c.h; path = MCMainNavgationVC.h; sourceTree = "<group>"; };
		04D8F12A1E4C78C900ABF1ED /* MCMainNavgationVC.m */ = {isa = PBXFileReference; fileEncoding = 4; lastKnownFileType = sourcecode.c.objc; path = MCMainNavgationVC.m; sourceTree = "<group>"; };
		04D8F12B1E4C78C900ABF1ED /* MCMainTabBar.h */ = {isa = PBXFileReference; fileEncoding = 4; lastKnownFileType = sourcecode.c.h; path = MCMainTabBar.h; sourceTree = "<group>"; };
		04D8F12C1E4C78C900ABF1ED /* MCMainTabBar.m */ = {isa = PBXFileReference; fileEncoding = 4; lastKnownFileType = sourcecode.c.objc; path = MCMainTabBar.m; sourceTree = "<group>"; };
		04D8F12D1E4C78C900ABF1ED /* MCMainTabBarVC.h */ = {isa = PBXFileReference; fileEncoding = 4; lastKnownFileType = sourcecode.c.h; path = MCMainTabBarVC.h; sourceTree = "<group>"; };
		04D8F12E1E4C78C900ABF1ED /* MCMainTabBarVC.m */ = {isa = PBXFileReference; fileEncoding = 4; lastKnownFileType = sourcecode.c.objc; path = MCMainTabBarVC.m; sourceTree = "<group>"; };
		04D8F1301E4C78C900ABF1ED /* Macro.h */ = {isa = PBXFileReference; fileEncoding = 4; lastKnownFileType = sourcecode.c.h; path = Macro.h; sourceTree = "<group>"; };
		04D8F1311E4C78C900ABF1ED /* MCLeftSliderManager.h */ = {isa = PBXFileReference; fileEncoding = 4; lastKnownFileType = sourcecode.c.h; path = MCLeftSliderManager.h; sourceTree = "<group>"; };
		04D8F1321E4C78C900ABF1ED /* MCLeftSliderManager.m */ = {isa = PBXFileReference; fileEncoding = 4; lastKnownFileType = sourcecode.c.objc; path = MCLeftSliderManager.m; sourceTree = "<group>"; };
		04D8F1331E4C78C900ABF1ED /* UIView_extra.h */ = {isa = PBXFileReference; fileEncoding = 4; lastKnownFileType = sourcecode.c.h; path = UIView_extra.h; sourceTree = "<group>"; };
		04D8F1341E4C78C900ABF1ED /* UIView_extra.m */ = {isa = PBXFileReference; fileEncoding = 4; lastKnownFileType = sourcecode.c.objc; path = UIView_extra.m; sourceTree = "<group>"; };
		04D8F1371E4C78C900ABF1ED /* MCFirstPageVIewController.h */ = {isa = PBXFileReference; fileEncoding = 4; lastKnownFileType = sourcecode.c.h; path = MCFirstPageVIewController.h; sourceTree = "<group>"; };
		04D8F1381E4C78C900ABF1ED /* MCFirstPageVIewController.m */ = {isa = PBXFileReference; fileEncoding = 4; lastKnownFileType = sourcecode.c.objc; path = MCFirstPageVIewController.m; sourceTree = "<group>"; };
		04D8F13D1E4C78C900ABF1ED /* MCSecondPageViewController.h */ = {isa = PBXFileReference; fileEncoding = 4; lastKnownFileType = sourcecode.c.h; path = MCSecondPageViewController.h; sourceTree = "<group>"; };
		04D8F13E1E4C78C900ABF1ED /* MCSecondPageViewController.m */ = {isa = PBXFileReference; fileEncoding = 4; lastKnownFileType = sourcecode.c.objc; path = MCSecondPageViewController.m; sourceTree = "<group>"; };
/* End PBXFileReference section */

/* Begin PBXFrameworksBuildPhase section */
		04D8F0DA1E4C781D00ABF1ED /* Frameworks */ = {
			isa = PBXFrameworksBuildPhase;
			buildActionMask = 2147483647;
			files = (
			);
			runOnlyForDeploymentPostprocessing = 0;
		};
		04D8F0F31E4C781E00ABF1ED /* Frameworks */ = {
			isa = PBXFrameworksBuildPhase;
			buildActionMask = 2147483647;
			files = (
			);
			runOnlyForDeploymentPostprocessing = 0;
		};
		04D8F0FE1E4C781E00ABF1ED /* Frameworks */ = {
			isa = PBXFrameworksBuildPhase;
			buildActionMask = 2147483647;
			files = (
			);
			runOnlyForDeploymentPostprocessing = 0;
		};
/* End PBXFrameworksBuildPhase section */

/* Begin PBXGroup section */
		04D8F0D41E4C781D00ABF1ED = {
			isa = PBXGroup;
			children = (
				04D8F0DF1E4C781D00ABF1ED /* Locker */,
				04D8F0F91E4C781E00ABF1ED /* LockerTests */,
				04D8F1041E4C781E00ABF1ED /* LockerUITests */,
				04D8F0DE1E4C781D00ABF1ED /* Products */,
			);
			sourceTree = "<group>";
		};
		04D8F0DE1E4C781D00ABF1ED /* Products */ = {
			isa = PBXGroup;
			children = (
				04D8F0DD1E4C781D00ABF1ED /* Locker.app */,
				04D8F0F61E4C781E00ABF1ED /* LockerTests.xctest */,
				04D8F1011E4C781E00ABF1ED /* LockerUITests.xctest */,
			);
			name = Products;
			sourceTree = "<group>";
		};
		04D8F0DF1E4C781D00ABF1ED /* Locker */ = {
			isa = PBXGroup;
			children = (
				04D8F0E31E4C781D00ABF1ED /* AppDelegate.h */,
				04D8F0E41E4C781D00ABF1ED /* AppDelegate.m */,
				04D8F1141E4C78C900ABF1ED /* Helper */,
				04D8F11E1E4C78C900ABF1ED /* Macroes */,
				04D8F11F1E4C78C900ABF1ED /* Resource */,
				04D8F1201E4C78C900ABF1ED /* Sectioins */,
				04D8F1411E4C78C900ABF1ED /* Venders */,
				04D8F0E01E4C781D00ABF1ED /* Supporting Files */,
			);
			path = Locker;
			sourceTree = "<group>";
		};
		04D8F0E01E4C781D00ABF1ED /* Supporting Files */ = {
			isa = PBXGroup;
			children = (
				04D8F0EC1E4C781D00ABF1ED /* Assets.xcassets */,
				04D8F0EE1E4C781D00ABF1ED /* LaunchScreen.storyboard */,
				04D8F0F11E4C781D00ABF1ED /* Info.plist */,
				04D8F0E11E4C781D00ABF1ED /* main.m */,
				04D8F1131E4C786300ABF1ED /* PrefixHeader.pch */,
			);
			name = "Supporting Files";
			sourceTree = "<group>";
		};
		04D8F0F91E4C781E00ABF1ED /* LockerTests */ = {
			isa = PBXGroup;
			children = (
				04D8F0FA1E4C781E00ABF1ED /* LockerTests.m */,
				04D8F0FC1E4C781E00ABF1ED /* Info.plist */,
			);
			path = LockerTests;
			sourceTree = "<group>";
		};
		04D8F1041E4C781E00ABF1ED /* LockerUITests */ = {
			isa = PBXGroup;
			children = (
				04D8F1051E4C781E00ABF1ED /* LockerUITests.m */,
				04D8F1071E4C781E00ABF1ED /* Info.plist */,
			);
			path = LockerUITests;
			sourceTree = "<group>";
		};
		04D8F1141E4C78C900ABF1ED /* Helper */ = {
			isa = PBXGroup;
			children = (
				04D8F1161E4C78C900ABF1ED /* Tools */,
			);
			path = Helper;
			sourceTree = "<group>";
		};
		04D8F1161E4C78C900ABF1ED /* Tools */ = {
			isa = PBXGroup;
			children = (
				04D8F1171E4C78C900ABF1ED /* DKNightVersion.h */,
				04D8F1181E4C78C900ABF1ED /* UICountingLabel.h */,
				04D8F1191E4C78C900ABF1ED /* UICountingLabel.m */,
				04D8F11A1E4C78C900ABF1ED /* UINavigationBar+Animation.h */,
				04D8F11B1E4C78C900ABF1ED /* UINavigationBar+Animation.m */,
				04D8F11C1E4C78C900ABF1ED /* UIView+BackgroundColor.h */,
				04D8F11D1E4C78C900ABF1ED /* UIView+BackgroundColor.m */,
			);
			path = Tools;
			sourceTree = "<group>";
		};
		04D8F11E1E4C78C900ABF1ED /* Macroes */ = {
			isa = PBXGroup;
			children = (
			);
			path = Macroes;
			sourceTree = "<group>";
		};
		04D8F11F1E4C78C900ABF1ED /* Resource */ = {
			isa = PBXGroup;
			children = (
			);
			path = Resource;
			sourceTree = "<group>";
		};
		04D8F1201E4C78C900ABF1ED /* Sectioins */ = {
			isa = PBXGroup;
			children = (
				04D8F1211E4C78C900ABF1ED /* FFOther */,
				04D8F1351E4C78C900ABF1ED /* MCFirstPage */,
				04D8F13B1E4C78C900ABF1ED /* MCSecondPage */,
			);
			path = Sectioins;
			sourceTree = "<group>";
		};
		04D8F1211E4C78C900ABF1ED /* FFOther */ = {
			isa = PBXGroup;
			children = (
				04D8F1221E4C78C900ABF1ED /* Controller */,
				04D8F1291E4C78C900ABF1ED /* MCMainNavgationVC.h */,
				04D8F12A1E4C78C900ABF1ED /* MCMainNavgationVC.m */,
				04D8F12B1E4C78C900ABF1ED /* MCMainTabBar.h */,
				04D8F12C1E4C78C900ABF1ED /* MCMainTabBar.m */,
				04D8F12D1E4C78C900ABF1ED /* MCMainTabBarVC.h */,
				04D8F12E1E4C78C900ABF1ED /* MCMainTabBarVC.m */,
				04D8F12F1E4C78C900ABF1ED /* Views */,
			);
			path = FFOther;
			sourceTree = "<group>";
		};
		04D8F1221E4C78C900ABF1ED /* Controller */ = {
			isa = PBXGroup;
			children = (
				04D8F1231E4C78C900ABF1ED /* MCLeftSlideViewController.h */,
				04D8F1241E4C78C900ABF1ED /* MCLeftSlideViewController.m */,
				04D8F1251E4C78C900ABF1ED /* MCLeftSortsViewController.h */,
				04D8F1261E4C78C900ABF1ED /* MCLeftSortsViewController.m */,
				04D8F1271E4C78C900ABF1ED /* MCOtherViewController.h */,
				04D8F1281E4C78C900ABF1ED /* MCOtherViewController.m */,
			);
			path = Controller;
			sourceTree = "<group>";
		};
		04D8F12F1E4C78C900ABF1ED /* Views */ = {
			isa = PBXGroup;
			children = (
				04D8F1301E4C78C900ABF1ED /* Macro.h */,
				04D8F1311E4C78C900ABF1ED /* MCLeftSliderManager.h */,
				04D8F1321E4C78C900ABF1ED /* MCLeftSliderManager.m */,
				04D8F1331E4C78C900ABF1ED /* UIView_extra.h */,
				04D8F1341E4C78C900ABF1ED /* UIView_extra.m */,
			);
			path = Views;
			sourceTree = "<group>";
		};
		04D8F1351E4C78C900ABF1ED /* MCFirstPage */ = {
			isa = PBXGroup;
			children = (
				04D8F1361E4C78C900ABF1ED /* Controllers */,
				04D8F1391E4C78C900ABF1ED /* Models */,
				04D8F13A1E4C78C900ABF1ED /* Views */,
			);
			path = MCFirstPage;
			sourceTree = "<group>";
		};
		04D8F1361E4C78C900ABF1ED /* Controllers */ = {
			isa = PBXGroup;
			children = (
				04D8F1371E4C78C900ABF1ED /* MCFirstPageVIewController.h */,
				04D8F1381E4C78C900ABF1ED /* MCFirstPageVIewController.m */,
			);
			path = Controllers;
			sourceTree = "<group>";
		};
		04D8F1391E4C78C900ABF1ED /* Models */ = {
			isa = PBXGroup;
			children = (
			);
			path = Models;
			sourceTree = "<group>";
		};
		04D8F13A1E4C78C900ABF1ED /* Views */ = {
			isa = PBXGroup;
			children = (
			);
			path = Views;
			sourceTree = "<group>";
		};
		04D8F13B1E4C78C900ABF1ED /* MCSecondPage */ = {
			isa = PBXGroup;
			children = (
				04D8F13C1E4C78C900ABF1ED /* Controllers */,
				04D8F13F1E4C78C900ABF1ED /* Models */,
				04D8F1401E4C78C900ABF1ED /* Views */,
			);
			path = MCSecondPage;
			sourceTree = "<group>";
		};
		04D8F13C1E4C78C900ABF1ED /* Controllers */ = {
			isa = PBXGroup;
			children = (
				04D8F13D1E4C78C900ABF1ED /* MCSecondPageViewController.h */,
				04D8F13E1E4C78C900ABF1ED /* MCSecondPageViewController.m */,
			);
			path = Controllers;
			sourceTree = "<group>";
		};
		04D8F13F1E4C78C900ABF1ED /* Models */ = {
			isa = PBXGroup;
			children = (
			);
			path = Models;
			sourceTree = "<group>";
		};
		04D8F1401E4C78C900ABF1ED /* Views */ = {
			isa = PBXGroup;
			children = (
			);
			path = Views;
			sourceTree = "<group>";
		};
		04D8F1411E4C78C900ABF1ED /* Venders */ = {
			isa = PBXGroup;
			children = (
			);
			path = Venders;
			sourceTree = "<group>";
		};
/* End PBXGroup section */

/* Begin PBXNativeTarget section */
		04D8F0DC1E4C781D00ABF1ED /* Locker */ = {
			isa = PBXNativeTarget;
			buildConfigurationList = 04D8F10A1E4C781E00ABF1ED /* Build configuration list for PBXNativeTarget "Locker" */;
			buildPhases = (
				04D8F0D91E4C781D00ABF1ED /* Sources */,
				04D8F0DA1E4C781D00ABF1ED /* Frameworks */,
				04D8F0DB1E4C781D00ABF1ED /* Resources */,
			);
			buildRules = (
			);
			dependencies = (
			);
			name = Locker;
			productName = Locker;
			productReference = 04D8F0DD1E4C781D00ABF1ED /* Locker.app */;
			productType = "com.apple.product-type.application";
		};
		04D8F0F51E4C781E00ABF1ED /* LockerTests */ = {
			isa = PBXNativeTarget;
			buildConfigurationList = 04D8F10D1E4C781E00ABF1ED /* Build configuration list for PBXNativeTarget "LockerTests" */;
			buildPhases = (
				04D8F0F21E4C781E00ABF1ED /* Sources */,
				04D8F0F31E4C781E00ABF1ED /* Frameworks */,
				04D8F0F41E4C781E00ABF1ED /* Resources */,
			);
			buildRules = (
			);
			dependencies = (
				04D8F0F81E4C781E00ABF1ED /* PBXTargetDependency */,
			);
			name = LockerTests;
			productName = LockerTests;
			productReference = 04D8F0F61E4C781E00ABF1ED /* LockerTests.xctest */;
			productType = "com.apple.product-type.bundle.unit-test";
		};
		04D8F1001E4C781E00ABF1ED /* LockerUITests */ = {
			isa = PBXNativeTarget;
			buildConfigurationList = 04D8F1101E4C781E00ABF1ED /* Build configuration list for PBXNativeTarget "LockerUITests" */;
			buildPhases = (
				04D8F0FD1E4C781E00ABF1ED /* Sources */,
				04D8F0FE1E4C781E00ABF1ED /* Frameworks */,
				04D8F0FF1E4C781E00ABF1ED /* Resources */,
			);
			buildRules = (
			);
			dependencies = (
				04D8F1031E4C781E00ABF1ED /* PBXTargetDependency */,
			);
			name = LockerUITests;
			productName = LockerUITests;
			productReference = 04D8F1011E4C781E00ABF1ED /* LockerUITests.xctest */;
			productType = "com.apple.product-type.bundle.ui-testing";
		};
/* End PBXNativeTarget section */

/* Begin PBXProject section */
		04D8F0D51E4C781D00ABF1ED /* Project object */ = {
			isa = PBXProject;
			attributes = {
				LastUpgradeCheck = 0820;
				ORGANIZATIONNAME = mac;
				TargetAttributes = {
					04D8F0DC1E4C781D00ABF1ED = {
						CreatedOnToolsVersion = 8.2.1;
						DevelopmentTeam = E7QB8XUHZX;
						ProvisioningStyle = Automatic;
					};
					04D8F0F51E4C781E00ABF1ED = {
						CreatedOnToolsVersion = 8.2.1;
						DevelopmentTeam = E7QB8XUHZX;
						ProvisioningStyle = Automatic;
						TestTargetID = 04D8F0DC1E4C781D00ABF1ED;
					};
					04D8F1001E4C781E00ABF1ED = {
						CreatedOnToolsVersion = 8.2.1;
						DevelopmentTeam = E7QB8XUHZX;
						ProvisioningStyle = Automatic;
						TestTargetID = 04D8F0DC1E4C781D00ABF1ED;
					};
				};
			};
			buildConfigurationList = 04D8F0D81E4C781D00ABF1ED /* Build configuration list for PBXProject "Locker" */;
			compatibilityVersion = "Xcode 3.2";
			developmentRegion = English;
			hasScannedForEncodings = 0;
			knownRegions = (
				en,
				Base,
			);
			mainGroup = 04D8F0D41E4C781D00ABF1ED;
			productRefGroup = 04D8F0DE1E4C781D00ABF1ED /* Products */;
			projectDirPath = "";
			projectRoot = "";
			targets = (
				04D8F0DC1E4C781D00ABF1ED /* Locker */,
				04D8F0F51E4C781E00ABF1ED /* LockerTests */,
				04D8F1001E4C781E00ABF1ED /* LockerUITests */,
			);
		};
/* End PBXProject section */

/* Begin PBXResourcesBuildPhase section */
		04D8F0DB1E4C781D00ABF1ED /* Resources */ = {
			isa = PBXResourcesBuildPhase;
			buildActionMask = 2147483647;
			files = (
				04D8F0F01E4C781D00ABF1ED /* LaunchScreen.storyboard in Resources */,
				04D8F0ED1E4C781D00ABF1ED /* Assets.xcassets in Resources */,
			);
			runOnlyForDeploymentPostprocessing = 0;
		};
		04D8F0F41E4C781E00ABF1ED /* Resources */ = {
			isa = PBXResourcesBuildPhase;
			buildActionMask = 2147483647;
			files = (
			);
			runOnlyForDeploymentPostprocessing = 0;
		};
		04D8F0FF1E4C781E00ABF1ED /* Resources */ = {
			isa = PBXResourcesBuildPhase;
			buildActionMask = 2147483647;
			files = (
			);
			runOnlyForDeploymentPostprocessing = 0;
		};
/* End PBXResourcesBuildPhase section */

/* Begin PBXSourcesBuildPhase section */
		04D8F0D91E4C781D00ABF1ED /* Sources */ = {
			isa = PBXSourcesBuildPhase;
			buildActionMask = 2147483647;
			files = (
				04D8F1431E4C78C900ABF1ED /* UINavigationBar+Animation.m in Sources */,
				04D8F14A1E4C78C900ABF1ED /* MCMainTabBarVC.m in Sources */,
				04D8F14D1E4C78C900ABF1ED /* MCFirstPageVIewController.m in Sources */,
				04D8F1461E4C78C900ABF1ED /* MCLeftSortsViewController.m in Sources */,
				04D8F1491E4C78C900ABF1ED /* MCMainTabBar.m in Sources */,
				04D8F0E51E4C781D00ABF1ED /* AppDelegate.m in Sources */,
				04D8F1471E4C78C900ABF1ED /* MCOtherViewController.m in Sources */,
				04D8F0E21E4C781D00ABF1ED /* main.m in Sources */,
				04D8F1451E4C78C900ABF1ED /* MCLeftSlideViewController.m in Sources */,
				04D8F14E1E4C78C900ABF1ED /* MCSecondPageViewController.m in Sources */,
				04D8F1441E4C78C900ABF1ED /* UIView+BackgroundColor.m in Sources */,
				04D8F14C1E4C78C900ABF1ED /* UIView_extra.m in Sources */,
				04D8F14B1E4C78C900ABF1ED /* MCLeftSliderManager.m in Sources */,
				04D8F1481E4C78C900ABF1ED /* MCMainNavgationVC.m in Sources */,
				04D8F1421E4C78C900ABF1ED /* UICountingLabel.m in Sources */,
			);
			runOnlyForDeploymentPostprocessing = 0;
		};
		04D8F0F21E4C781E00ABF1ED /* Sources */ = {
			isa = PBXSourcesBuildPhase;
			buildActionMask = 2147483647;
			files = (
				04D8F0FB1E4C781E00ABF1ED /* LockerTests.m in Sources */,
			);
			runOnlyForDeploymentPostprocessing = 0;
		};
		04D8F0FD1E4C781E00ABF1ED /* Sources */ = {
			isa = PBXSourcesBuildPhase;
			buildActionMask = 2147483647;
			files = (
				04D8F1061E4C781E00ABF1ED /* LockerUITests.m in Sources */,
			);
			runOnlyForDeploymentPostprocessing = 0;
		};
/* End PBXSourcesBuildPhase section */

/* Begin PBXTargetDependency section */
		04D8F0F81E4C781E00ABF1ED /* PBXTargetDependency */ = {
			isa = PBXTargetDependency;
			target = 04D8F0DC1E4C781D00ABF1ED /* Locker */;
			targetProxy = 04D8F0F71E4C781E00ABF1ED /* PBXContainerItemProxy */;
		};
		04D8F1031E4C781E00ABF1ED /* PBXTargetDependency */ = {
			isa = PBXTargetDependency;
			target = 04D8F0DC1E4C781D00ABF1ED /* Locker */;
			targetProxy = 04D8F1021E4C781E00ABF1ED /* PBXContainerItemProxy */;
		};
/* End PBXTargetDependency section */

/* Begin PBXVariantGroup section */
		04D8F0EE1E4C781D00ABF1ED /* LaunchScreen.storyboard */ = {
			isa = PBXVariantGroup;
			children = (
				04D8F0EF1E4C781D00ABF1ED /* Base */,
			);
			name = LaunchScreen.storyboard;
			sourceTree = "<group>";
		};
/* End PBXVariantGroup section */

/* Begin XCBuildConfiguration section */
		04D8F1081E4C781E00ABF1ED /* Debug */ = {
			isa = XCBuildConfiguration;
			buildSettings = {
				ALWAYS_SEARCH_USER_PATHS = NO;
				CLANG_ANALYZER_NONNULL = YES;
				CLANG_CXX_LANGUAGE_STANDARD = "gnu++0x";
				CLANG_CXX_LIBRARY = "libc++";
				CLANG_ENABLE_MODULES = YES;
				CLANG_ENABLE_OBJC_ARC = YES;
				CLANG_WARN_BOOL_CONVERSION = YES;
				CLANG_WARN_CONSTANT_CONVERSION = YES;
				CLANG_WARN_DIRECT_OBJC_ISA_USAGE = YES_ERROR;
				CLANG_WARN_DOCUMENTATION_COMMENTS = YES;
				CLANG_WARN_EMPTY_BODY = YES;
				CLANG_WARN_ENUM_CONVERSION = YES;
				CLANG_WARN_INFINITE_RECURSION = YES;
				CLANG_WARN_INT_CONVERSION = YES;
				CLANG_WARN_OBJC_ROOT_CLASS = YES_ERROR;
				CLANG_WARN_SUSPICIOUS_MOVE = YES;
				CLANG_WARN_UNREACHABLE_CODE = YES;
				CLANG_WARN__DUPLICATE_METHOD_MATCH = YES;
				"CODE_SIGN_IDENTITY[sdk=iphoneos*]" = "iPhone Developer";
				COPY_PHASE_STRIP = NO;
				DEBUG_INFORMATION_FORMAT = dwarf;
				ENABLE_STRICT_OBJC_MSGSEND = YES;
				ENABLE_TESTABILITY = YES;
				GCC_C_LANGUAGE_STANDARD = gnu99;
				GCC_DYNAMIC_NO_PIC = NO;
				GCC_NO_COMMON_BLOCKS = YES;
				GCC_OPTIMIZATION_LEVEL = 0;
				GCC_PREPROCESSOR_DEFINITIONS = (
					"DEBUG=1",
					"$(inherited)",
				);
				GCC_WARN_64_TO_32_BIT_CONVERSION = YES;
				GCC_WARN_ABOUT_RETURN_TYPE = YES_ERROR;
				GCC_WARN_UNDECLARED_SELECTOR = YES;
				GCC_WARN_UNINITIALIZED_AUTOS = YES_AGGRESSIVE;
				GCC_WARN_UNUSED_FUNCTION = YES;
				GCC_WARN_UNUSED_VARIABLE = YES;
				IPHONEOS_DEPLOYMENT_TARGET = 10.2;
				MTL_ENABLE_DEBUG_INFO = YES;
				ONLY_ACTIVE_ARCH = YES;
				SDKROOT = iphoneos;
			};
			name = Debug;
		};
		04D8F1091E4C781E00ABF1ED /* Release */ = {
			isa = XCBuildConfiguration;
			buildSettings = {
				ALWAYS_SEARCH_USER_PATHS = NO;
				CLANG_ANALYZER_NONNULL = YES;
				CLANG_CXX_LANGUAGE_STANDARD = "gnu++0x";
				CLANG_CXX_LIBRARY = "libc++";
				CLANG_ENABLE_MODULES = YES;
				CLANG_ENABLE_OBJC_ARC = YES;
				CLANG_WARN_BOOL_CONVERSION = YES;
				CLANG_WARN_CONSTANT_CONVERSION = YES;
				CLANG_WARN_DIRECT_OBJC_ISA_USAGE = YES_ERROR;
				CLANG_WARN_DOCUMENTATION_COMMENTS = YES;
				CLANG_WARN_EMPTY_BODY = YES;
				CLANG_WARN_ENUM_CONVERSION = YES;
				CLANG_WARN_INFINITE_RECURSION = YES;
				CLANG_WARN_INT_CONVERSION = YES;
				CLANG_WARN_OBJC_ROOT_CLASS = YES_ERROR;
				CLANG_WARN_SUSPICIOUS_MOVE = YES;
				CLANG_WARN_UNREACHABLE_CODE = YES;
				CLANG_WARN__DUPLICATE_METHOD_MATCH = YES;
				"CODE_SIGN_IDENTITY[sdk=iphoneos*]" = "iPhone Developer";
				COPY_PHASE_STRIP = NO;
				DEBUG_INFORMATION_FORMAT = "dwarf-with-dsym";
				ENABLE_NS_ASSERTIONS = NO;
				ENABLE_STRICT_OBJC_MSGSEND = YES;
				GCC_C_LANGUAGE_STANDARD = gnu99;
				GCC_NO_COMMON_BLOCKS = YES;
				GCC_WARN_64_TO_32_BIT_CONVERSION = YES;
				GCC_WARN_ABOUT_RETURN_TYPE = YES_ERROR;
				GCC_WARN_UNDECLARED_SELECTOR = YES;
				GCC_WARN_UNINITIALIZED_AUTOS = YES_AGGRESSIVE;
				GCC_WARN_UNUSED_FUNCTION = YES;
				GCC_WARN_UNUSED_VARIABLE = YES;
				IPHONEOS_DEPLOYMENT_TARGET = 10.2;
				MTL_ENABLE_DEBUG_INFO = NO;
				SDKROOT = iphoneos;
				VALIDATE_PRODUCT = YES;
			};
			name = Release;
		};
		04D8F10B1E4C781E00ABF1ED /* Debug */ = {
			isa = XCBuildConfiguration;
			buildSettings = {
				ASSETCATALOG_COMPILER_APPICON_NAME = AppIcon;
				DEVELOPMENT_TEAM = E7QB8XUHZX;
				GCC_PREFIX_HEADER = $SRCROOT/Locker/PrefixHeader.pch;
				INFOPLIST_FILE = Locker/Info.plist;
				IPHONEOS_DEPLOYMENT_TARGET = 8.0;
				LD_RUNPATH_SEARCH_PATHS = "$(inherited) @executable_path/Frameworks";
				PRODUCT_BUNDLE_IDENTIFIER = PangXieYunGou.Locker;
				PRODUCT_NAME = "$(TARGET_NAME)";
			};
			name = Debug;
		};
		04D8F10C1E4C781E00ABF1ED /* Release */ = {
			isa = XCBuildConfiguration;
			buildSettings = {
				ASSETCATALOG_COMPILER_APPICON_NAME = AppIcon;
				DEVELOPMENT_TEAM = E7QB8XUHZX;
				GCC_PREFIX_HEADER = $SRCROOT/Locker/PrefixHeader.pch;
				INFOPLIST_FILE = Locker/Info.plist;
				IPHONEOS_DEPLOYMENT_TARGET = 8.0;
				LD_RUNPATH_SEARCH_PATHS = "$(inherited) @executable_path/Frameworks";
				PRODUCT_BUNDLE_IDENTIFIER = PangXieYunGou.Locker;
				PRODUCT_NAME = "$(TARGET_NAME)";
			};
			name = Release;
		};
		04D8F10E1E4C781E00ABF1ED /* Debug */ = {
			isa = XCBuildConfiguration;
			buildSettings = {
				BUNDLE_LOADER = "$(TEST_HOST)";
				DEVELOPMENT_TEAM = E7QB8XUHZX;
				INFOPLIST_FILE = LockerTests/Info.plist;
				LD_RUNPATH_SEARCH_PATHS = "$(inherited) @executable_path/Frameworks @loader_path/Frameworks";
				PRODUCT_BUNDLE_IDENTIFIER = PangXieYunGou.LockerTests;
				PRODUCT_NAME = "$(TARGET_NAME)";
				TEST_HOST = "$(BUILT_PRODUCTS_DIR)/Locker.app/Locker";
			};
			name = Debug;
		};
		04D8F10F1E4C781E00ABF1ED /* Release */ = {
			isa = XCBuildConfiguration;
			buildSettings = {
				BUNDLE_LOADER = "$(TEST_HOST)";
				DEVELOPMENT_TEAM = E7QB8XUHZX;
				INFOPLIST_FILE = LockerTests/Info.plist;
				LD_RUNPATH_SEARCH_PATHS = "$(inherited) @executable_path/Frameworks @loader_path/Frameworks";
				PRODUCT_BUNDLE_IDENTIFIER = PangXieYunGou.LockerTests;
				PRODUCT_NAME = "$(TARGET_NAME)";
				TEST_HOST = "$(BUILT_PRODUCTS_DIR)/Locker.app/Locker";
			};
			name = Release;
		};
		04D8F1111E4C781E00ABF1ED /* Debug */ = {
			isa = XCBuildConfiguration;
			buildSettings = {
				DEVELOPMENT_TEAM = E7QB8XUHZX;
				INFOPLIST_FILE = LockerUITests/Info.plist;
				LD_RUNPATH_SEARCH_PATHS = "$(inherited) @executable_path/Frameworks @loader_path/Frameworks";
				PRODUCT_BUNDLE_IDENTIFIER = PangXieYunGou.LockerUITests;
				PRODUCT_NAME = "$(TARGET_NAME)";
				TEST_TARGET_NAME = Locker;
			};
			name = Debug;
		};
		04D8F1121E4C781E00ABF1ED /* Release */ = {
			isa = XCBuildConfiguration;
			buildSettings = {
				DEVELOPMENT_TEAM = E7QB8XUHZX;
				INFOPLIST_FILE = LockerUITests/Info.plist;
				LD_RUNPATH_SEARCH_PATHS = "$(inherited) @executable_path/Frameworks @loader_path/Frameworks";
				PRODUCT_BUNDLE_IDENTIFIER = PangXieYunGou.LockerUITests;
				PRODUCT_NAME = "$(TARGET_NAME)";
				TEST_TARGET_NAME = Locker;
			};
			name = Release;
		};
/* End XCBuildConfiguration section */

/* Begin XCConfigurationList section */
		04D8F0D81E4C781D00ABF1ED /* Build configuration list for PBXProject "Locker" */ = {
			isa = XCConfigurationList;
			buildConfigurations = (
				04D8F1081E4C781E00ABF1ED /* Debug */,
				04D8F1091E4C781E00ABF1ED /* Release */,
			);
			defaultConfigurationIsVisible = 0;
			defaultConfigurationName = Release;
		};
		04D8F10A1E4C781E00ABF1ED /* Build configuration list for PBXNativeTarget "Locker" */ = {
			isa = XCConfigurationList;
			buildConfigurations = (
				04D8F10B1E4C781E00ABF1ED /* Debug */,
				04D8F10C1E4C781E00ABF1ED /* Release */,
			);
			defaultConfigurationIsVisible = 0;
		};
		04D8F10D1E4C781E00ABF1ED /* Build configuration list for PBXNativeTarget "LockerTests" */ = {
			isa = XCConfigurationList;
			buildConfigurations = (
				04D8F10E1E4C781E00ABF1ED /* Debug */,
				04D8F10F1E4C781E00ABF1ED /* Release */,
			);
			defaultConfigurationIsVisible = 0;
		};
		04D8F1101E4C781E00ABF1ED /* Build configuration list for PBXNativeTarget "LockerUITests" */ = {
			isa = XCConfigurationList;
			buildConfigurations = (
				04D8F1111E4C781E00ABF1ED /* Debug */,
				04D8F1121E4C781E00ABF1ED /* Release */,
			);
			defaultConfigurationIsVisible = 0;
		};
/* End XCConfigurationList section */
	};
	rootObject = 04D8F0D51E4C781D00ABF1ED /* Project object */;
}
